
Microsoft Visual Studio Solution File, Format Version 12.00
# Visual Studio Version 17
VisualStudioVersion = 17.4.33122.133
MinimumVisualStudioVersion = 10.0.40219.1
Project("{FAE04EC0-301F-11D3-BF4B-00C04F79EFBC}") = "ThapHaNoifinal", "ThapHaNoifinal.csproj", "{B30E79B8-F7A7-42E1-87D8-9FB8742FDFBE}"
EndProject
Global
	GlobalSection(SolutionConfigurationPlatforms) = preSolution
		Debug|Any CPU = Debug|Any CPU
		Release|Any CPU = Release|Any CPU
	EndGlobalSection
	GlobalSection(ProjectConfigurationPlatforms) = postSolution
		{B30E79B8-F7A7-42E1-87D8-9FB8742FDFBE}.Debug|Any CPU.ActiveCfg = Debug|Any CPU
		{B30E79B8-F7A7-42E1-87D8-9FB8742FDFBE}.Debug|Any CPU.Build.0 = Debug|Any CPU
		{B30E79B8-F7A7-42E1-87D8-9FB8742FDFBE}.Release|Any CPU.ActiveCfg = Release|Any CPU
		{B30E79B8-F7A7-42E1-87D8-9FB8742FDFBE}.Release|Any CPU.Build.0 = Release|Any CPU
	EndGlobalSection
	GlobalSection(SolutionProperties) = preSolution
		HideSolutionNode = FALSE
	EndGlobalSection
	GlobalSection(ExtensibilityGlobals) = postSolution
		SolutionGuid = {21D63D1C-D1A0-45AD-8A78-E7E4A1CDA0E9}
	EndGlobalSection
EndGlobal
